{
  "name": "kite-examples",
  "version": "1.0.0",
  "lockfileVersion": 1,
  "requires": true,
  "dependencies": {
    "@types/node": {
      "version": "8.0.24",
      "resolved": "https://registry.npmjs.org/@types/node/-/node-8.0.24.tgz",
      "integrity": "sha512-c3Npme+2JGqxW8+B+aXdN5SPIlCf1C8WxQC6Ea39rO/ASPosnMkWVR16mDJtRE+2dr2xwOQ7DiLxb+wO/TWuPg=="
    },
    "kite-framework": {
      "version": "0.2.7",
      "resolved": "http://registry.npm.taobao.org/kite-framework/download/kite-framework-0.2.7.tgz",
      "integrity": "sha1-EGtRiDDsKU8qeNAEutwI7PVDUHw=",
      "requires": {
        "@types/node": "8.0.24",
        "reflect-metadata": "0.1.10"
      }
    },
    "reflect-metadata": {
      "version": "0.1.10",
      "resolved": "https://registry.npmjs.org/reflect-metadata/-/reflect-metadata-0.1.10.tgz",
      "integrity": "sha1-tPg3BEFqytiZiMmxVjXUfgO5NEo="
    }
  }
}
